// !$*UTF8*$!
{
	archiveVersion = 1;
	classes = {
	};
	objectVersion = 50;
	objects = {

/* Begin PBXBuildFile section */
		C9FA3E7126B42DCB00A29524 /* AppDelegate.swift in Sources */ = {isa = PBXBuildFile; fileRef = C9FA3E7026B42DCB00A29524 /* AppDelegate.swift */; };
		C9FA3E7326B42DCB00A29524 /* SceneDelegate.swift in Sources */ = {isa = PBXBuildFile; fileRef = C9FA3E7226B42DCB00A29524 /* SceneDelegate.swift */; };
		C9FA3E7526B42DCB00A29524 /* SearchVC.swift in Sources */ = {isa = PBXBuildFile; fileRef = C9FA3E7426B42DCB00A29524 /* SearchVC.swift */; };
		C9FA3E7A26B42DCF00A29524 /* Assets.xcassets in Resources */ = {isa = PBXBuildFile; fileRef = C9FA3E7926B42DCF00A29524 /* Assets.xcassets */; };
		C9FA3E7D26B42DCF00A29524 /* LaunchScreen.storyboard in Resources */ = {isa = PBXBuildFile; fileRef = C9FA3E7B26B42DCF00A29524 /* LaunchScreen.storyboard */; };
		C9FA3E8926B4302600A29524 /* SearchRouter.swift in Sources */ = {isa = PBXBuildFile; fileRef = C9FA3E8826B4302600A29524 /* SearchRouter.swift */; };
		C9FA3E8B26B4303000A29524 /* SearchPresenter.swift in Sources */ = {isa = PBXBuildFile; fileRef = C9FA3E8A26B4303000A29524 /* SearchPresenter.swift */; };
		C9FA3E8D26B4304200A29524 /* SearchInteractor.swift in Sources */ = {isa = PBXBuildFile; fileRef = C9FA3E8C26B4304200A29524 /* SearchInteractor.swift */; };
		C9FA3E8F26B4304D00A29524 /* SearchEntity.swift in Sources */ = {isa = PBXBuildFile; fileRef = C9FA3E8E26B4304D00A29524 /* SearchEntity.swift */; };
		C9FA3E9B26B4346000A29524 /* SearchViperProtocols.swift in Sources */ = {isa = PBXBuildFile; fileRef = C9FA3E9A26B4346000A29524 /* SearchViperProtocols.swift */; };
		C9FA3E9D26B4389B00A29524 /* SearchTableViewCell.swift in Sources */ = {isa = PBXBuildFile; fileRef = C9FA3E9C26B4389B00A29524 /* SearchTableViewCell.swift */; };
		C9FA3E9F26B4447D00A29524 /* DownloadsViperProtocols.swift in Sources */ = {isa = PBXBuildFile; fileRef = C9FA3E9E26B4447D00A29524 /* DownloadsViperProtocols.swift */; };
		C9FA3EA126B4448B00A29524 /* DownloadsTableViewCell.swift in Sources */ = {isa = PBXBuildFile; fileRef = C9FA3EA026B4448B00A29524 /* DownloadsTableViewCell.swift */; };
		C9FA3EA326B4449800A29524 /* DownloadsVC.swift in Sources */ = {isa = PBXBuildFile; fileRef = C9FA3EA226B4449800A29524 /* DownloadsVC.swift */; };
		C9FA3EA526B444A200A29524 /* DownloadsRouter.swift in Sources */ = {isa = PBXBuildFile; fileRef = C9FA3EA426B444A200A29524 /* DownloadsRouter.swift */; };
		C9FA3EA726B444AD00A29524 /* DownloadsPresenter.swift in Sources */ = {isa = PBXBuildFile; fileRef = C9FA3EA626B444AD00A29524 /* DownloadsPresenter.swift */; };
		C9FA3EA926B444B900A29524 /* DownloadsInteractor.swift in Sources */ = {isa = PBXBuildFile; fileRef = C9FA3EA826B444B900A29524 /* DownloadsInteractor.swift */; };
		C9FA3EAB26B444C800A29524 /* DownloadsEntity.swift in Sources */ = {isa = PBXBuildFile; fileRef = C9FA3EAA26B444C800A29524 /* DownloadsEntity.swift */; };
		C9FA3EB026B4621A00A29524 /* SearchNetworkManager.swift in Sources */ = {isa = PBXBuildFile; fileRef = C9FA3EAF26B4621A00A29524 /* SearchNetworkManager.swift */; };
		C9FA3EB226B4666700A29524 /* SearchNetworkModel.swift in Sources */ = {isa = PBXBuildFile; fileRef = C9FA3EB126B4666700A29524 /* SearchNetworkModel.swift */; };
/* End PBXBuildFile section */

/* Begin PBXFileReference section */
		C9FA3E6D26B42DCB00A29524 /* GitHubDownloader.app */ = {isa = PBXFileReference; explicitFileType = wrapper.application; includeInIndex = 0; path = GitHubDownloader.app; sourceTree = BUILT_PRODUCTS_DIR; };
		C9FA3E7026B42DCB00A29524 /* AppDelegate.swift */ = {isa = PBXFileReference; lastKnownFileType = sourcecode.swift; path = AppDelegate.swift; sourceTree = "<group>"; };
		C9FA3E7226B42DCB00A29524 /* SceneDelegate.swift */ = {isa = PBXFileReference; lastKnownFileType = sourcecode.swift; path = SceneDelegate.swift; sourceTree = "<group>"; };
		C9FA3E7426B42DCB00A29524 /* SearchVC.swift */ = {isa = PBXFileReference; lastKnownFileType = sourcecode.swift; path = SearchVC.swift; sourceTree = "<group>"; };
		C9FA3E7926B42DCF00A29524 /* Assets.xcassets */ = {isa = PBXFileReference; lastKnownFileType = folder.assetcatalog; path = Assets.xcassets; sourceTree = "<group>"; };
		C9FA3E7C26B42DCF00A29524 /* Base */ = {isa = PBXFileReference; lastKnownFileType = file.storyboard; name = Base; path = Base.lproj/LaunchScreen.storyboard; sourceTree = "<group>"; };
		C9FA3E7E26B42DCF00A29524 /* Info.plist */ = {isa = PBXFileReference; lastKnownFileType = text.plist.xml; path = Info.plist; sourceTree = "<group>"; };
		C9FA3E8826B4302600A29524 /* SearchRouter.swift */ = {isa = PBXFileReference; lastKnownFileType = sourcecode.swift; path = SearchRouter.swift; sourceTree = "<group>"; };
		C9FA3E8A26B4303000A29524 /* SearchPresenter.swift */ = {isa = PBXFileReference; lastKnownFileType = sourcecode.swift; path = SearchPresenter.swift; sourceTree = "<group>"; };
		C9FA3E8C26B4304200A29524 /* SearchInteractor.swift */ = {isa = PBXFileReference; lastKnownFileType = sourcecode.swift; path = SearchInteractor.swift; sourceTree = "<group>"; };
		C9FA3E8E26B4304D00A29524 /* SearchEntity.swift */ = {isa = PBXFileReference; lastKnownFileType = sourcecode.swift; path = SearchEntity.swift; sourceTree = "<group>"; };
		C9FA3E9A26B4346000A29524 /* SearchViperProtocols.swift */ = {isa = PBXFileReference; lastKnownFileType = sourcecode.swift; path = SearchViperProtocols.swift; sourceTree = "<group>"; };
		C9FA3E9C26B4389B00A29524 /* SearchTableViewCell.swift */ = {isa = PBXFileReference; lastKnownFileType = sourcecode.swift; path = SearchTableViewCell.swift; sourceTree = "<group>"; };
		C9FA3E9E26B4447D00A29524 /* DownloadsViperProtocols.swift */ = {isa = PBXFileReference; lastKnownFileType = sourcecode.swift; path = DownloadsViperProtocols.swift; sourceTree = "<group>"; };
		C9FA3EA026B4448B00A29524 /* DownloadsTableViewCell.swift */ = {isa = PBXFileReference; lastKnownFileType = sourcecode.swift; path = DownloadsTableViewCell.swift; sourceTree = "<group>"; };
		C9FA3EA226B4449800A29524 /* DownloadsVC.swift */ = {isa = PBXFileReference; lastKnownFileType = sourcecode.swift; path = DownloadsVC.swift; sourceTree = "<group>"; };
		C9FA3EA426B444A200A29524 /* DownloadsRouter.swift */ = {isa = PBXFileReference; lastKnownFileType = sourcecode.swift; path = DownloadsRouter.swift; sourceTree = "<group>"; };
		C9FA3EA626B444AD00A29524 /* DownloadsPresenter.swift */ = {isa = PBXFileReference; lastKnownFileType = sourcecode.swift; path = DownloadsPresenter.swift; sourceTree = "<group>"; };
		C9FA3EA826B444B900A29524 /* DownloadsInteractor.swift */ = {isa = PBXFileReference; lastKnownFileType = sourcecode.swift; path = DownloadsInteractor.swift; sourceTree = "<group>"; };
		C9FA3EAA26B444C800A29524 /* DownloadsEntity.swift */ = {isa = PBXFileReference; lastKnownFileType = sourcecode.swift; path = DownloadsEntity.swift; sourceTree = "<group>"; };
		C9FA3EAF26B4621A00A29524 /* SearchNetworkManager.swift */ = {isa = PBXFileReference; lastKnownFileType = sourcecode.swift; path = SearchNetworkManager.swift; sourceTree = "<group>"; };
		C9FA3EB126B4666700A29524 /* SearchNetworkModel.swift */ = {isa = PBXFileReference; lastKnownFileType = sourcecode.swift; path = SearchNetworkModel.swift; sourceTree = "<group>"; };
/* End PBXFileReference section */

/* Begin PBXFrameworksBuildPhase section */
		C9FA3E6A26B42DCB00A29524 /* Frameworks */ = {
			isa = PBXFrameworksBuildPhase;
			buildActionMask = 2147483647;
			files = (
			);
			runOnlyForDeploymentPostprocessing = 0;
		};
/* End PBXFrameworksBuildPhase section */

/* Begin PBXGroup section */
		C9FA3E6426B42DCB00A29524 = {
			isa = PBXGroup;
			children = (
				C9FA3E6F26B42DCB00A29524 /* GitHubDownloader */,
				C9FA3E6E26B42DCB00A29524 /* Products */,
			);
			sourceTree = "<group>";
		};
		C9FA3E6E26B42DCB00A29524 /* Products */ = {
			isa = PBXGroup;
			children = (
				C9FA3E6D26B42DCB00A29524 /* GitHubDownloader.app */,
			);
			name = Products;
			sourceTree = "<group>";
		};
		C9FA3E6F26B42DCB00A29524 /* GitHubDownloader */ = {
			isa = PBXGroup;
			children = (
				C9FA3E8426B42DDA00A29524 /* AppFiles */,
				C9FA3E8526B42F3800A29524 /* Modules */,
			);
			path = GitHubDownloader;
			sourceTree = "<group>";
		};
		C9FA3E8426B42DDA00A29524 /* AppFiles */ = {
			isa = PBXGroup;
			children = (
				C9FA3E7B26B42DCF00A29524 /* LaunchScreen.storyboard */,
				C9FA3E7926B42DCF00A29524 /* Assets.xcassets */,
				C9FA3E7E26B42DCF00A29524 /* Info.plist */,
				C9FA3E7026B42DCB00A29524 /* AppDelegate.swift */,
				C9FA3E7226B42DCB00A29524 /* SceneDelegate.swift */,
			);
			path = AppFiles;
			sourceTree = "<group>";
		};
		C9FA3E8526B42F3800A29524 /* Modules */ = {
			isa = PBXGroup;
			children = (
				C9FA3E8726B42FEE00A29524 /* Downloads Screen */,
				C9FA3E8626B42FE900A29524 /* Search Screen */,
			);
			path = Modules;
			sourceTree = "<group>";
		};
		C9FA3E8626B42FE900A29524 /* Search Screen */ = {
			isa = PBXGroup;
			children = (
				C9FA3E9926B433EC00A29524 /* 0. Protocols */,
				C9FA3E9726B4311700A29524 /* 1. Cells */,
				C9FA3E9526B4307900A29524 /* 4. NetworkManager */,
				C9FA3E8E26B4304D00A29524 /* SearchEntity.swift */,
				C9FA3E8C26B4304200A29524 /* SearchInteractor.swift */,
				C9FA3E8A26B4303000A29524 /* SearchPresenter.swift */,
				C9FA3E8826B4302600A29524 /* SearchRouter.swift */,
				C9FA3E7426B42DCB00A29524 /* SearchVC.swift */,
			);
			path = "Search Screen";
			sourceTree = "<group>";
		};
		C9FA3E8726B42FEE00A29524 /* Downloads Screen */ = {
			isa = PBXGroup;
			children = (
				C9FA3EAC26B444CB00A29524 /* 0. Protocols */,
				C9FA3EAD26B444D300A29524 /* 1. Cells */,
				C9FA3EAA26B444C800A29524 /* DownloadsEntity.swift */,
				C9FA3EA826B444B900A29524 /* DownloadsInteractor.swift */,
				C9FA3EA626B444AD00A29524 /* DownloadsPresenter.swift */,
				C9FA3EA426B444A200A29524 /* DownloadsRouter.swift */,
				C9FA3EA226B4449800A29524 /* DownloadsVC.swift */,
			);
			path = "Downloads Screen";
			sourceTree = "<group>";
		};
		C9FA3E9526B4307900A29524 /* 4. NetworkManager */ = {
			isa = PBXGroup;
			children = (
				C9FA3EAF26B4621A00A29524 /* SearchNetworkManager.swift */,
				C9FA3EB126B4666700A29524 /* SearchNetworkModel.swift */,
			);
			path = "4. NetworkManager";
			sourceTree = "<group>";
		};
		C9FA3E9726B4311700A29524 /* 1. Cells */ = {
			isa = PBXGroup;
			children = (
				C9FA3E9C26B4389B00A29524 /* SearchTableViewCell.swift */,
			);
			path = "1. Cells";
			sourceTree = "<group>";
		};
		C9FA3E9926B433EC00A29524 /* 0. Protocols */ = {
			isa = PBXGroup;
			children = (
				C9FA3E9A26B4346000A29524 /* SearchViperProtocols.swift */,
			);
			path = "0. Protocols";
			sourceTree = "<group>";
		};
		C9FA3EAC26B444CB00A29524 /* 0. Protocols */ = {
			isa = PBXGroup;
			children = (
				C9FA3E9E26B4447D00A29524 /* DownloadsViperProtocols.swift */,
			);
			path = "0. Protocols";
			sourceTree = "<group>";
		};
		C9FA3EAD26B444D300A29524 /* 1. Cells */ = {
			isa = PBXGroup;
			children = (
				C9FA3EA026B4448B00A29524 /* DownloadsTableViewCell.swift */,
			);
			path = "1. Cells";
			sourceTree = "<group>";
		};
/* End PBXGroup section */

/* Begin PBXNativeTarget section */
		C9FA3E6C26B42DCB00A29524 /* GitHubDownloader */ = {
			isa = PBXNativeTarget;
			buildConfigurationList = C9FA3E8126B42DCF00A29524 /* Build configuration list for PBXNativeTarget "GitHubDownloader" */;
			buildPhases = (
				C9FA3E6926B42DCB00A29524 /* Sources */,
				C9FA3E6A26B42DCB00A29524 /* Frameworks */,
				C9FA3E6B26B42DCB00A29524 /* Resources */,
			);
			buildRules = (
			);
			dependencies = (
			);
			name = GitHubDownloader;
			productName = GitHubDownloader;
			productReference = C9FA3E6D26B42DCB00A29524 /* GitHubDownloader.app */;
			productType = "com.apple.product-type.application";
		};
/* End PBXNativeTarget section */

/* Begin PBXProject section */
		C9FA3E6526B42DCB00A29524 /* Project object */ = {
			isa = PBXProject;
			attributes = {
				LastSwiftUpdateCheck = 1250;
				LastUpgradeCheck = 1250;
				TargetAttributes = {
					C9FA3E6C26B42DCB00A29524 = {
						CreatedOnToolsVersion = 12.5;
					};
				};
			};
			buildConfigurationList = C9FA3E6826B42DCB00A29524 /* Build configuration list for PBXProject "GitHubDownloader" */;
			compatibilityVersion = "Xcode 9.3";
			developmentRegion = en;
			hasScannedForEncodings = 0;
			knownRegions = (
				en,
				Base,
			);
			mainGroup = C9FA3E6426B42DCB00A29524;
			productRefGroup = C9FA3E6E26B42DCB00A29524 /* Products */;
			projectDirPath = "";
			projectRoot = "";
			targets = (
				C9FA3E6C26B42DCB00A29524 /* GitHubDownloader */,
			);
		};
/* End PBXProject section */

/* Begin PBXResourcesBuildPhase section */
		C9FA3E6B26B42DCB00A29524 /* Resources */ = {
			isa = PBXResourcesBuildPhase;
			buildActionMask = 2147483647;
			files = (
				C9FA3E7D26B42DCF00A29524 /* LaunchScreen.storyboard in Resources */,
				C9FA3E7A26B42DCF00A29524 /* Assets.xcassets in Resources */,
			);
			runOnlyForDeploymentPostprocessing = 0;
		};
/* End PBXResourcesBuildPhase section */

/* Begin PBXSourcesBuildPhase section */
		C9FA3E6926B42DCB00A29524 /* Sources */ = {
			isa = PBXSourcesBuildPhase;
			buildActionMask = 2147483647;
			files = (
				C9FA3EB226B4666700A29524 /* SearchNetworkModel.swift in Sources */,
				C9FA3E8926B4302600A29524 /* SearchRouter.swift in Sources */,
				C9FA3EA526B444A200A29524 /* DownloadsRouter.swift in Sources */,
				C9FA3E7526B42DCB00A29524 /* SearchVC.swift in Sources */,
				C9FA3E9F26B4447D00A29524 /* DownloadsViperProtocols.swift in Sources */,
				C9FA3E9B26B4346000A29524 /* SearchViperProtocols.swift in Sources */,
				C9FA3EA326B4449800A29524 /* DownloadsVC.swift in Sources */,
				C9FA3EA726B444AD00A29524 /* DownloadsPresenter.swift in Sources */,
				C9FA3E8B26B4303000A29524 /* SearchPresenter.swift in Sources */,
				C9FA3E9D26B4389B00A29524 /* SearchTableViewCell.swift in Sources */,
				C9FA3EB026B4621A00A29524 /* SearchNetworkManager.swift in Sources */,
				C9FA3E7126B42DCB00A29524 /* AppDelegate.swift in Sources */,
				C9FA3EAB26B444C800A29524 /* DownloadsEntity.swift in Sources */,
				C9FA3EA126B4448B00A29524 /* DownloadsTableViewCell.swift in Sources */,
				C9FA3E8D26B4304200A29524 /* SearchInteractor.swift in Sources */,
				C9FA3EA926B444B900A29524 /* DownloadsInteractor.swift in Sources */,
				C9FA3E8F26B4304D00A29524 /* SearchEntity.swift in Sources */,
				C9FA3E7326B42DCB00A29524 /* SceneDelegate.swift in Sources */,
			);
			runOnlyForDeploymentPostprocessing = 0;
		};
/* End PBXSourcesBuildPhase section */

/* Begin PBXVariantGroup section */
		C9FA3E7B26B42DCF00A29524 /* LaunchScreen.storyboard */ = {
			isa = PBXVariantGroup;
			children = (
				C9FA3E7C26B42DCF00A29524 /* Base */,
			);
			name = LaunchScreen.storyboard;
			sourceTree = "<group>";
		};
/* End PBXVariantGroup section */

/* Begin XCBuildConfiguration section */
		C9FA3E7F26B42DCF00A29524 /* Debug */ = {
			isa = XCBuildConfiguration;
			buildSettings = {
				ALWAYS_SEARCH_USER_PATHS = NO;
				CLANG_ANALYZER_NONNULL = YES;
				CLANG_ANALYZER_NUMBER_OBJECT_CONVERSION = YES_AGGRESSIVE;
				CLANG_CXX_LANGUAGE_STANDARD = "gnu++14";
				CLANG_CXX_LIBRARY = "libc++";
				CLANG_ENABLE_MODULES = YES;
				CLANG_ENABLE_OBJC_ARC = YES;
				CLANG_ENABLE_OBJC_WEAK = YES;
				CLANG_WARN_BLOCK_CAPTURE_AUTORELEASING = YES;
				CLANG_WARN_BOOL_CONVERSION = YES;
				CLANG_WARN_COMMA = YES;
				CLANG_WARN_CONSTANT_CONVERSION = YES;
				CLANG_WARN_DEPRECATED_OBJC_IMPLEMENTATIONS = YES;
				CLANG_WARN_DIRECT_OBJC_ISA_USAGE = YES_ERROR;
				CLANG_WARN_DOCUMENTATION_COMMENTS = YES;
				CLANG_WARN_EMPTY_BODY = YES;
				CLANG_WARN_ENUM_CONVERSION = YES;
				CLANG_WARN_INFINITE_RECURSION = YES;
				CLANG_WARN_INT_CONVERSION = YES;
				CLANG_WARN_NON_LITERAL_NULL_CONVERSION = YES;
				CLANG_WARN_OBJC_IMPLICIT_RETAIN_SELF = YES;
				CLANG_WARN_OBJC_LITERAL_CONVERSION = YES;
				CLANG_WARN_OBJC_ROOT_CLASS = YES_ERROR;
				CLANG_WARN_QUOTED_INCLUDE_IN_FRAMEWORK_HEADER = YES;
				CLANG_WARN_RANGE_LOOP_ANALYSIS = YES;
				CLANG_WARN_STRICT_PROTOTYPES = YES;
				CLANG_WARN_SUSPICIOUS_MOVE = YES;
				CLANG_WARN_UNGUARDED_AVAILABILITY = YES_AGGRESSIVE;
				CLANG_WARN_UNREACHABLE_CODE = YES;
				CLANG_WARN__DUPLICATE_METHOD_MATCH = YES;
				COPY_PHASE_STRIP = NO;
				DEBUG_INFORMATION_FORMAT = dwarf;
				ENABLE_STRICT_OBJC_MSGSEND = YES;
				ENABLE_TESTABILITY = YES;
				GCC_C_LANGUAGE_STANDARD = gnu11;
				GCC_DYNAMIC_NO_PIC = NO;
				GCC_NO_COMMON_BLOCKS = YES;
				GCC_OPTIMIZATION_LEVEL = 0;
				GCC_PREPROCESSOR_DEFINITIONS = (
					"DEBUG=1",
					"$(inherited)",
				);
				GCC_WARN_64_TO_32_BIT_CONVERSION = YES;
				GCC_WARN_ABOUT_RETURN_TYPE = YES_ERROR;
				GCC_WARN_UNDECLARED_SELECTOR = YES;
				GCC_WARN_UNINITIALIZED_AUTOS = YES_AGGRESSIVE;
				GCC_WARN_UNUSED_FUNCTION = YES;
				GCC_WARN_UNUSED_VARIABLE = YES;
				IPHONEOS_DEPLOYMENT_TARGET = 10.0;
				MTL_ENABLE_DEBUG_INFO = INCLUDE_SOURCE;
				MTL_FAST_MATH = YES;
				ONLY_ACTIVE_ARCH = YES;
				SDKROOT = iphoneos;
				SWIFT_ACTIVE_COMPILATION_CONDITIONS = DEBUG;
				SWIFT_OPTIMIZATION_LEVEL = "-Onone";
			};
			name = Debug;
		};
		C9FA3E8026B42DCF00A29524 /* Release */ = {
			isa = XCBuildConfiguration;
			buildSettings = {
				ALWAYS_SEARCH_USER_PATHS = NO;
				CLANG_ANALYZER_NONNULL = YES;
				CLANG_ANALYZER_NUMBER_OBJECT_CONVERSION = YES_AGGRESSIVE;
				CLANG_CXX_LANGUAGE_STANDARD = "gnu++14";
				CLANG_CXX_LIBRARY = "libc++";
				CLANG_ENABLE_MODULES = YES;
				CLANG_ENABLE_OBJC_ARC = YES;
				CLANG_ENABLE_OBJC_WEAK = YES;
				CLANG_WARN_BLOCK_CAPTURE_AUTORELEASING = YES;
				CLANG_WARN_BOOL_CONVERSION = YES;
				CLANG_WARN_COMMA = YES;
				CLANG_WARN_CONSTANT_CONVERSION = YES;
				CLANG_WARN_DEPRECATED_OBJC_IMPLEMENTATIONS = YES;
				CLANG_WARN_DIRECT_OBJC_ISA_USAGE = YES_ERROR;
				CLANG_WARN_DOCUMENTATION_COMMENTS = YES;
				CLANG_WARN_EMPTY_BODY = YES;
				CLANG_WARN_ENUM_CONVERSION = YES;
				CLANG_WARN_INFINITE_RECURSION = YES;
				CLANG_WARN_INT_CONVERSION = YES;
				CLANG_WARN_NON_LITERAL_NULL_CONVERSION = YES;
				CLANG_WARN_OBJC_IMPLICIT_RETAIN_SELF = YES;
				CLANG_WARN_OBJC_LITERAL_CONVERSION = YES;
				CLANG_WARN_OBJC_ROOT_CLASS = YES_ERROR;
				CLANG_WARN_QUOTED_INCLUDE_IN_FRAMEWORK_HEADER = YES;
				CLANG_WARN_RANGE_LOOP_ANALYSIS = YES;
				CLANG_WARN_STRICT_PROTOTYPES = YES;
				CLANG_WARN_SUSPICIOUS_MOVE = YES;
				CLANG_WARN_UNGUARDED_AVAILABILITY = YES_AGGRESSIVE;
				CLANG_WARN_UNREACHABLE_CODE = YES;
				CLANG_WARN__DUPLICATE_METHOD_MATCH = YES;
				COPY_PHASE_STRIP = NO;
				DEBUG_INFORMATION_FORMAT = "dwarf-with-dsym";
				ENABLE_NS_ASSERTIONS = NO;
				ENABLE_STRICT_OBJC_MSGSEND = YES;
				GCC_C_LANGUAGE_STANDARD = gnu11;
				GCC_NO_COMMON_BLOCKS = YES;
				GCC_WARN_64_TO_32_BIT_CONVERSION = YES;
				GCC_WARN_ABOUT_RETURN_TYPE = YES_ERROR;
				GCC_WARN_UNDECLARED_SELECTOR = YES;
				GCC_WARN_UNINITIALIZED_AUTOS = YES_AGGRESSIVE;
				GCC_WARN_UNUSED_FUNCTION = YES;
				GCC_WARN_UNUSED_VARIABLE = YES;
				IPHONEOS_DEPLOYMENT_TARGET = 10.0;
				MTL_ENABLE_DEBUG_INFO = NO;
				MTL_FAST_MATH = YES;
				SDKROOT = iphoneos;
				SWIFT_COMPILATION_MODE = wholemodule;
				SWIFT_OPTIMIZATION_LEVEL = "-O";
				VALIDATE_PRODUCT = YES;
			};
			name = Release;
		};
		C9FA3E8226B42DCF00A29524 /* Debug */ = {
			isa = XCBuildConfiguration;
			buildSettings = {
				ASSETCATALOG_COMPILER_APPICON_NAME = AppIcon;
				ASSETCATALOG_COMPILER_GLOBAL_ACCENT_COLOR_NAME = AccentColor;
				CODE_SIGN_IDENTITY = "Apple Development";
				CODE_SIGN_STYLE = Automatic;
				DEVELOPMENT_TEAM = 6A3GWQ7FD5;
				INFOPLIST_FILE = GitHubDownloader/AppFiles/Info.plist;
				LD_RUNPATH_SEARCH_PATHS = (
					"$(inherited)",
					"@executable_path/Frameworks",
				);
				PRODUCT_BUNDLE_IDENTIFIER = Niunin.GitHubDownloader;
				PRODUCT_NAME = "$(TARGET_NAME)";
				PROVISIONING_PROFILE_SPECIFIER = "";
				SWIFT_VERSION = 5.0;
				TARGETED_DEVICE_FAMILY = "1,2";
			};
			name = Debug;
		};
		C9FA3E8326B42DCF00A29524 /* Release */ = {
			isa = XCBuildConfiguration;
			buildSettings = {
				ASSETCATALOG_COMPILER_APPICON_NAME = AppIcon;
				ASSETCATALOG_COMPILER_GLOBAL_ACCENT_COLOR_NAME = AccentColor;
				CODE_SIGN_IDENTITY = "Apple Development";
				CODE_SIGN_STYLE = Automatic;
				DEVELOPMENT_TEAM = 6A3GWQ7FD5;
				INFOPLIST_FILE = GitHubDownloader/AppFiles/Info.plist;
				LD_RUNPATH_SEARCH_PATHS = (
					"$(inherited)",
					"@executable_path/Frameworks",
				);
				PRODUCT_BUNDLE_IDENTIFIER = Niunin.GitHubDownloader;
				PRODUCT_NAME = "$(TARGET_NAME)";
				PROVISIONING_PROFILE_SPECIFIER = "";
				SWIFT_VERSION = 5.0;
				TARGETED_DEVICE_FAMILY = "1,2";
			};
			name = Release;
		};
/* End XCBuildConfiguration section */

/* Begin XCConfigurationList section */
		C9FA3E6826B42DCB00A29524 /* Build configuration list for PBXProject "GitHubDownloader" */ = {
			isa = XCConfigurationList;
			buildConfigurations = (
				C9FA3E7F26B42DCF00A29524 /* Debug */,
				C9FA3E8026B42DCF00A29524 /* Release */,
			);
			defaultConfigurationIsVisible = 0;
			defaultConfigurationName = Release;
		};
		C9FA3E8126B42DCF00A29524 /* Build configuration list for PBXNativeTarget "GitHubDownloader" */ = {
			isa = XCConfigurationList;
			buildConfigurations = (
				C9FA3E8226B42DCF00A29524 /* Debug */,
				C9FA3E8326B42DCF00A29524 /* Release */,
			);
			defaultConfigurationIsVisible = 0;
			defaultConfigurationName = Release;
		};
/* End XCConfigurationList section */
	};
	rootObject = C9FA3E6526B42DCB00A29524 /* Project object */;
}
